
Microsoft Visual Studio Solution File, Format Version 12.00
# Visual Studio Version 17
VisualStudioVersion = 17.1.32228.430
MinimumVisualStudioVersion = 10.0.40219.1
Project("{9A19103F-16F7-4668-BE54-9A1E7A4F7556}") = "TicTacToe", "TicTacToe.csproj", "{FEE8AFD7-9E4C-48E5-8445-30E95CD77DE3}"
EndProject
Global
	GlobalSection(SolutionConfigurationPlatforms) = preSolution
		Debug|Any CPU = Debug|Any CPU
		Release|Any CPU = Release|Any CPU
	EndGlobalSection
	GlobalSection(ProjectConfigurationPlatforms) = postSolution
		{FEE8AFD7-9E4C-48E5-8445-30E95CD77DE3}.Debug|Any CPU.ActiveCfg = Debug|Any CPU
		{FEE8AFD7-9E4C-48E5-8445-30E95CD77DE3}.Debug|Any CPU.Build.0 = Debug|Any CPU
		{FEE8AFD7-9E4C-48E5-8445-30E95CD77DE3}.Release|Any CPU.ActiveCfg = Release|Any CPU
		{FEE8AFD7-9E4C-48E5-8445-30E95CD77DE3}.Release|Any CPU.Build.0 = Release|Any CPU
	EndGlobalSection
	GlobalSection(SolutionProperties) = preSolution
		HideSolutionNode = FALSE
	EndGlobalSection
	GlobalSection(ExtensibilityGlobals) = postSolution
		SolutionGuid = {112E50D3-565B-4E6A-B8A0-1C596054D109}
	EndGlobalSection
EndGlobal
